[[package]]
name = "arcaflow-plugin-sdk"
version = "0.9.0"
description = "Plugin SDK for the Arcaflow workflow engine"
category = "main"
optional = false
python-versions = ">=3.9"

[package.dependencies]
cbor2 = ">=2.4.3"
PyYAML = ">=5.4"
twisted = ">=22.4.0"

[[package]]
name = "attrs"
version = "22.1.0"
description = "Classes Without Boilerplate"
category = "main"
optional = false
python-versions = ">=3.5"

[package.extras]
dev = ["coverage[toml] (>=5.0.2)", "hypothesis", "pympler", "pytest (>=4.3.0)", "mypy (>=0.900,!=0.940)", "pytest-mypy-plugins", "zope.interface", "furo", "sphinx", "sphinx-notfound-page", "pre-commit", "cloudpickle"]
docs = ["furo", "sphinx", "zope.interface", "sphinx-notfound-page"]
tests = ["coverage[toml] (>=5.0.2)", "hypothesis", "pympler", "pytest (>=4.3.0)", "mypy (>=0.900,!=0.940)", "pytest-mypy-plugins", "zope.interface", "cloudpickle"]
tests_no_zope = ["coverage[toml] (>=5.0.2)", "hypothesis", "pympler", "pytest (>=4.3.0)", "mypy (>=0.900,!=0.940)", "pytest-mypy-plugins", "cloudpickle"]

[[package]]
name = "autoflake"
version = "1.7.6"
description = "Removes unused imports and unused variables"
category = "dev"
optional = false
python-versions = ">=3.7"

[package.dependencies]
pyflakes = ">=1.1.0"
tomli = {version = ">=2.0.1", markers = "python_version < \"3.11\""}

[[package]]
name = "automat"
version = "20.2.0"
description = "Self-service finite-state machines for the programmer on the go."
category = "main"
optional = false
python-versions = "*"

[package.dependencies]
attrs = ">=19.2.0"
six = "*"

[package.extras]
visualize = ["graphviz (>0.5.1)", "Twisted (>=16.1.1)"]

[[package]]
name = "black"
version = "22.10.0"
description = "The uncompromising code formatter."
category = "dev"
optional = false
python-versions = ">=3.7"

[package.dependencies]
click = ">=8.0.0"
mypy-extensions = ">=0.4.3"
pathspec = ">=0.9.0"
platformdirs = ">=2"
tomli = {version = ">=1.1.0", markers = "python_full_version < \"3.11.0a7\""}
typing-extensions = {version = ">=3.10.0.0", markers = "python_version < \"3.10\""}

[package.extras]
colorama = ["colorama (>=0.4.3)"]
d = ["aiohttp (>=3.7.4)"]
jupyter = ["ipython (>=7.8.0)", "tokenize-rt (>=3.2.0)"]
uvloop = ["uvloop (>=0.15.2)"]

[[package]]
name = "cbor2"
version = "5.4.3"
description = "CBOR (de)serializer with extensive tag support"
category = "main"
optional = false
python-versions = ">=3.7"

[package.extras]
doc = ["sphinx-rtd-theme", "sphinx-autodoc-typehints (>=1.2.0)"]
test = ["pytest", "pytest-cov"]

[[package]]
name = "certifi"
version = "2022.9.24"
description = "Python package for providing Mozilla's CA Bundle."
category = "main"
optional = false
python-versions = ">=3.6"

[[package]]
name = "charset-normalizer"
version = "2.1.1"
description = "The Real First Universal Charset Detector. Open, modern and actively maintained alternative to Chardet."
category = "main"
optional = false
python-versions = ">=3.6.0"

[package.extras]
unicode_backport = ["unicodedata2"]

[[package]]
name = "click"
version = "8.1.3"
description = "Composable command line interface toolkit"
category = "dev"
optional = false
python-versions = ">=3.7"

[package.dependencies]
colorama = {version = "*", markers = "platform_system == \"Windows\""}

[[package]]
name = "colorama"
version = "0.4.5"
description = "Cross-platform colored terminal text."
category = "dev"
optional = false
python-versions = ">=2.7, !=3.0.*, !=3.1.*, !=3.2.*, !=3.3.*, !=3.4.*"

[[package]]
name = "constantly"
version = "15.1.0"
description = "Symbolic constants in Python"
category = "main"
optional = false
python-versions = "*"

[[package]]
name = "docformatter"
version = "1.5.0"
description = "Formats docstrings to follow PEP 257"
category = "dev"
optional = false
python-versions = ">=3.6,<4.0"

[package.dependencies]
tomli = {version = ">=2.0.0,<3.0.0", markers = "python_version >= \"3.7\""}
untokenize = ">=0.1.1,<0.2.0"

[package.extras]
tomli = ["tomli (<2.0.0)"]

[[package]]
name = "hyperlink"
version = "21.0.0"
description = "A featureful, immutable, and correct URL for Python."
category = "main"
optional = false
python-versions = ">=2.6, !=3.0.*, !=3.1.*, !=3.2.*, !=3.3.*"

[package.dependencies]
idna = ">=2.5"

[[package]]
name = "idna"
version = "3.4"
description = "Internationalized Domain Names in Applications (IDNA)"
category = "main"
optional = false
python-versions = ">=3.5"

[[package]]
name = "incremental"
version = "22.10.0"
description = "\"A small library that versions your Python projects.\""
category = "main"
optional = false
python-versions = "*"

[package.extras]
mypy = ["click (>=6.0)", "twisted (>=16.4.0)", "mypy (==0.812)"]
scripts = ["click (>=6.0)", "twisted (>=16.4.0)"]

[[package]]
name = "mypy-extensions"
version = "0.4.3"
description = "Experimental type system extensions for programs checked with the mypy typechecker."
category = "dev"
optional = false
python-versions = "*"

[[package]]
name = "opensearch-py"
version = "2.0.0"
description = "Python low-level client for OpenSearch"
category = "main"
optional = false
python-versions = ">=2.7, !=3.0.*, !=3.1.*, !=3.2.*, !=3.3.*, <4"

[package.dependencies]
certifi = "*"
requests = ">=2.4.0,<3.0.0"
urllib3 = ">=1.21.1,<2"

[package.extras]
async = ["aiohttp (>=3,<4)"]
develop = ["requests (>=2.0.0,<3.0.0)", "coverage", "mock", "pyyaml", "pytest", "pytest-cov", "sphinx", "sphinx-rtd-theme", "myst-parser", "sphinx-copybutton", "black", "jinja2", "botocore"]
docs = ["sphinx", "sphinx-rtd-theme", "myst-parser", "sphinx-copybutton"]

[[package]]
name = "pathspec"
version = "0.10.1"
description = "Utility library for gitignore style pattern matching of file paths."
category = "dev"
optional = false
python-versions = ">=3.7"

[[package]]
name = "platformdirs"
version = "2.5.2"
description = "A small Python module for determining appropriate platform-specific dirs, e.g. a \"user data dir\"."
category = "dev"
optional = false
python-versions = ">=3.7"

[package.extras]
docs = ["furo (>=2021.7.5b38)", "proselint (>=0.10.2)", "sphinx-autodoc-typehints (>=1.12)", "sphinx (>=4)"]
test = ["appdirs (==1.4.4)", "pytest-cov (>=2.7)", "pytest-mock (>=3.6)", "pytest (>=6)"]

[[package]]
name = "pycodestyle"
version = "2.9.1"
description = "Python style guide checker"
category = "dev"
optional = false
python-versions = ">=3.6"

[[package]]
name = "pydocstyle"
version = "6.1.1"
description = "Python docstring style checker"
category = "dev"
optional = false
python-versions = ">=3.6"

[package.dependencies]
snowballstemmer = "*"

[package.extras]
toml = ["toml"]

[[package]]
name = "pyflakes"
version = "2.5.0"
description = "passive checker of Python programs"
category = "dev"
optional = false
python-versions = ">=3.6"

[[package]]
name = "pyyaml"
version = "6.0"
description = "YAML parser and emitter for Python"
category = "main"
optional = false
python-versions = ">=3.6"

[[package]]
name = "requests"
version = "2.28.1"
description = "Python HTTP for Humans."
category = "main"
optional = false
python-versions = ">=3.7, <4"

[package.dependencies]
certifi = ">=2017.4.17"
charset-normalizer = ">=2,<3"
idna = ">=2.5,<4"
urllib3 = ">=1.21.1,<1.27"

[package.extras]
socks = ["PySocks (>=1.5.6,!=1.5.7)"]
use_chardet_on_py3 = ["chardet (>=3.0.2,<6)"]

[[package]]
name = "six"
version = "1.16.0"
description = "Python 2 and 3 compatibility utilities"
category = "main"
optional = false
python-versions = ">=2.7, !=3.0.*, !=3.1.*, !=3.2.*"

[[package]]
name = "snowballstemmer"
version = "2.2.0"
description = "This package provides 29 stemmers for 28 languages generated from Snowball algorithms."
category = "dev"
optional = false
python-versions = "*"

[[package]]
name = "tomli"
version = "2.0.1"
description = "A lil' TOML parser"
category = "dev"
optional = false
python-versions = ">=3.7"

[[package]]
name = "twisted"
version = "22.8.0"
description = "An asynchronous networking framework written in Python"
category = "main"
optional = false
python-versions = ">=3.7.1"

[package.dependencies]
attrs = ">=19.2.0"
Automat = ">=0.8.0"
constantly = ">=15.1"
hyperlink = ">=17.1.1"
incremental = ">=21.3.0"
twisted-iocpsupport = {version = ">=1.0.2,<2", markers = "platform_system == \"Windows\""}
typing-extensions = ">=3.6.5"
"zope.interface" = ">=4.4.2"

[package.extras]
all_non_platform = ["cython-test-exception-raiser (>=1.0.2,<2)", "PyHamcrest (>=1.9.0)", "pyopenssl (>=21.0.0)", "service-identity (>=18.1.0)", "idna (>=2.4)", "pyasn1", "cryptography (>=2.6)", "appdirs (>=1.4.0)", "bcrypt (>=3.0.0)", "pyserial (>=3.0)", "h2 (>=3.0,<5.0)", "priority (>=1.1.0,<2.0)", "pywin32 (!=226)", "contextvars (>=2.4,<3)"]
conch = ["pyasn1", "cryptography (>=2.6)", "appdirs (>=1.4.0)", "bcrypt (>=3.0.0)"]
conch_nacl = ["pyasn1", "cryptography (>=2.6)", "appdirs (>=1.4.0)", "bcrypt (>=3.0.0)", "pynacl"]
contextvars = ["contextvars (>=2.4,<3)"]
dev = ["towncrier (>=19.2,<20.0)", "pydoctor (>=22.7.0,<22.8.0)", "sphinx-rtd-theme (>=0.5,<1.0)", "readthedocs-sphinx-ext (>=2.1,<3.0)", "sphinx (>=4.1.2,<6)", "pyflakes (>=2.2,<3.0)", "twistedchecker (>=0.7,<1.0)", "coverage (>=6b1,<7)", "python-subunit (>=1.4,<2.0)"]
dev_release = ["towncrier (>=19.2,<20.0)", "pydoctor (>=22.7.0,<22.8.0)", "sphinx-rtd-theme (>=0.5,<1.0)", "readthedocs-sphinx-ext (>=2.1,<3.0)", "sphinx (>=4.1.2,<6)"]
gtk_platform = ["pygobject", "cython-test-exception-raiser (>=1.0.2,<2)", "PyHamcrest (>=1.9.0)", "pyopenssl (>=21.0.0)", "service-identity (>=18.1.0)", "idna (>=2.4)", "pyasn1", "cryptography (>=2.6)", "appdirs (>=1.4.0)", "bcrypt (>=3.0.0)", "pyserial (>=3.0)", "h2 (>=3.0,<5.0)", "priority (>=1.1.0,<2.0)", "pywin32 (!=226)", "contextvars (>=2.4,<3)"]
http2 = ["h2 (>=3.0,<5.0)", "priority (>=1.1.0,<2.0)"]
macos_platform = ["pyobjc-core", "pyobjc-framework-cfnetwork", "pyobjc-framework-cocoa", "cython-test-exception-raiser (>=1.0.2,<2)", "PyHamcrest (>=1.9.0)", "pyopenssl (>=21.0.0)", "service-identity (>=18.1.0)", "idna (>=2.4)", "pyasn1", "cryptography (>=2.6)", "appdirs (>=1.4.0)", "bcrypt (>=3.0.0)", "pyserial (>=3.0)", "h2 (>=3.0,<5.0)", "priority (>=1.1.0,<2.0)", "pywin32 (!=226)", "contextvars (>=2.4,<3)"]
mypy = ["mypy (==0.930)", "mypy-zope (==0.3.4)", "types-setuptools", "types-pyopenssl", "towncrier (>=19.2,<20.0)", "pydoctor (>=22.7.0,<22.8.0)", "sphinx-rtd-theme (>=0.5,<1.0)", "readthedocs-sphinx-ext (>=2.1,<3.0)", "sphinx (>=4.1.2,<6)", "pyflakes (>=2.2,<3.0)", "twistedchecker (>=0.7,<1.0)", "coverage (>=6b1,<7)", "cython-test-exception-raiser (>=1.0.2,<2)", "PyHamcrest (>=1.9.0)", "pyopenssl (>=21.0.0)", "service-identity (>=18.1.0)", "idna (>=2.4)", "pyasn1", "cryptography (>=2.6)", "appdirs (>=1.4.0)", "bcrypt (>=3.0.0)", "pyserial (>=3.0)", "h2 (>=3.0,<5.0)", "priority (>=1.1.0,<2.0)", "pynacl", "pywin32 (!=226)", "python-subunit (>=1.4,<2.0)", "contextvars (>=2.4,<3)"]
osx_platform = ["pyobjc-core", "pyobjc-framework-cfnetwork", "pyobjc-framework-cocoa", "cython-test-exception-raiser (>=1.0.2,<2)", "PyHamcrest (>=1.9.0)", "pyopenssl (>=21.0.0)", "service-identity (>=18.1.0)", "idna (>=2.4)", "pyasn1", "cryptography (>=2.6)", "appdirs (>=1.4.0)", "bcrypt (>=3.0.0)", "pyserial (>=3.0)", "h2 (>=3.0,<5.0)", "priority (>=1.1.0,<2.0)", "pywin32 (!=226)", "contextvars (>=2.4,<3)"]
serial = ["pyserial (>=3.0)", "pywin32 (!=226)"]
test = ["cython-test-exception-raiser (>=1.0.2,<2)", "PyHamcrest (>=1.9.0)"]
tls = ["pyopenssl (>=21.0.0)", "service-identity (>=18.1.0)", "idna (>=2.4)"]
windows_platform = ["pywin32 (!=226)", "cython-test-exception-raiser (>=1.0.2,<2)", "PyHamcrest (>=1.9.0)", "pyopenssl (>=21.0.0)", "service-identity (>=18.1.0)", "idna (>=2.4)", "pyasn1", "cryptography (>=2.6)", "appdirs (>=1.4.0)", "bcrypt (>=3.0.0)", "pyserial (>=3.0)", "h2 (>=3.0,<5.0)", "priority (>=1.1.0,<2.0)", "pywin32 (!=226)", "contextvars (>=2.4,<3)"]

[[package]]
name = "twisted-iocpsupport"
version = "1.0.2"
description = "An extension for use in the twisted I/O Completion Ports reactor."
category = "main"
optional = false
python-versions = "*"

[[package]]
name = "typing-extensions"
version = "4.4.0"
description = "Backported and Experimental Type Hints for Python 3.7+"
category = "main"
optional = false
python-versions = ">=3.7"

[[package]]
name = "untokenize"
version = "0.1.1"
description = "Transforms tokens into original source code (while preserving whitespace)."
category = "dev"
optional = false
python-versions = "*"

[[package]]
name = "urllib3"
version = "1.26.12"
description = "HTTP library with thread-safe connection pooling, file post, and more."
category = "main"
optional = false
python-versions = ">=2.7, !=3.0.*, !=3.1.*, !=3.2.*, !=3.3.*, !=3.4.*, !=3.5.*, <4"

[package.extras]
brotli = ["brotlicffi (>=0.8.0)", "brotli (>=1.0.9)", "brotlipy (>=0.6.0)"]
secure = ["pyOpenSSL (>=0.14)", "cryptography (>=1.3.4)", "idna (>=2.0.0)", "certifi", "urllib3-secure-extra", "ipaddress"]
socks = ["PySocks (>=1.5.6,!=1.5.7,<2.0)"]

[[package]]
name = "zope.interface"
version = "5.5.0"
description = "Interfaces for Python"
category = "main"
optional = false
python-versions = ">=2.7, !=3.0.*, !=3.1.*, !=3.2.*, !=3.3.*, !=3.4.*"

[package.extras]
docs = ["sphinx", "repoze.sphinx.autointerface"]
test = ["coverage (>=5.0.3)", "zope.event", "zope.testing"]
testing = ["coverage (>=5.0.3)", "zope.event", "zope.testing"]

[metadata]
lock-version = "1.1"
python-versions = "^3.9"
content-hash = "2dfb6a33c5518985e7cd1114987ab1b8a68c145828c16a79c515186321ef29e4"

[metadata.files]
arcaflow-plugin-sdk = []
attrs = []
autoflake = [
    {file = "autoflake-1.7.6-py3-none-any.whl", hash = "sha256:9fa63cb814c1dfc02103a361b449c024226348c2130b6839cd94278c309c4a65"},
    {file = "autoflake-1.7.6.tar.gz", hash = "sha256:f2a8e107ba6c02a25e0acf2beebab247792998132e6b1f24efa7b0b7faa30cb6"},
]
automat = [
    {file = "Automat-20.2.0-py2.py3-none-any.whl", hash = "sha256:b6feb6455337df834f6c9962d6ccf771515b7d939bca142b29c20c2376bc6111"},
    {file = "Automat-20.2.0.tar.gz", hash = "sha256:7979803c74610e11ef0c0d68a2942b152df52da55336e0c9d58daf1831cbdf33"},
]
black = [
    {file = "black-22.10.0-1fixedarch-cp310-cp310-macosx_11_0_x86_64.whl", hash = "sha256:5cc42ca67989e9c3cf859e84c2bf014f6633db63d1cbdf8fdb666dcd9e77e3fa"},
    {file = "black-22.10.0-1fixedarch-cp311-cp311-macosx_11_0_x86_64.whl", hash = "sha256:5d8f74030e67087b219b032aa33a919fae8806d49c867846bfacde57f43972ef"},
    {file = "black-22.10.0-1fixedarch-cp37-cp37m-macosx_10_16_x86_64.whl", hash = "sha256:197df8509263b0b8614e1df1756b1dd41be6738eed2ba9e9769f3880c2b9d7b6"},
    {file = "black-22.10.0-1fixedarch-cp38-cp38-macosx_10_16_x86_64.whl", hash = "sha256:2644b5d63633702bc2c5f3754b1b475378fbbfb481f62319388235d0cd104c2d"},
    {file = "black-22.10.0-1fixedarch-cp39-cp39-macosx_11_0_x86_64.whl", hash = "sha256:e41a86c6c650bcecc6633ee3180d80a025db041a8e2398dcc059b3afa8382cd4"},
    {file = "black-22.10.0-cp310-cp310-macosx_11_0_arm64.whl", hash = "sha256:2039230db3c6c639bd84efe3292ec7b06e9214a2992cd9beb293d639c6402edb"},
    {file = "black-22.10.0-cp310-cp310-manylinux_2_17_x86_64.manylinux2014_x86_64.whl", hash = "sha256:14ff67aec0a47c424bc99b71005202045dc09270da44a27848d534600ac64fc7"},
    {file = "black-22.10.0-cp310-cp310-win_amd64.whl", hash = "sha256:819dc789f4498ecc91438a7de64427c73b45035e2e3680c92e18795a839ebb66"},
    {file = "black-22.10.0-cp311-cp311-macosx_11_0_arm64.whl", hash = "sha256:5b9b29da4f564ba8787c119f37d174f2b69cdfdf9015b7d8c5c16121ddc054ae"},
    {file = "black-22.10.0-cp311-cp311-manylinux_2_17_x86_64.manylinux2014_x86_64.whl", hash = "sha256:b8b49776299fece66bffaafe357d929ca9451450f5466e997a7285ab0fe28e3b"},
    {file = "black-22.10.0-cp311-cp311-win_amd64.whl", hash = "sha256:21199526696b8f09c3997e2b4db8d0b108d801a348414264d2eb8eb2532e540d"},
    {file = "black-22.10.0-cp37-cp37m-manylinux_2_17_x86_64.manylinux2014_x86_64.whl", hash = "sha256:1e464456d24e23d11fced2bc8c47ef66d471f845c7b7a42f3bd77bf3d1789650"},
    {file = "black-22.10.0-cp37-cp37m-win_amd64.whl", hash = "sha256:9311e99228ae10023300ecac05be5a296f60d2fd10fff31cf5c1fa4ca4b1988d"},
    {file = "black-22.10.0-cp38-cp38-macosx_11_0_arm64.whl", hash = "sha256:fba8a281e570adafb79f7755ac8721b6cf1bbf691186a287e990c7929c7692ff"},
    {file = "black-22.10.0-cp38-cp38-manylinux_2_17_x86_64.manylinux2014_x86_64.whl", hash = "sha256:915ace4ff03fdfff953962fa672d44be269deb2eaf88499a0f8805221bc68c87"},
    {file = "black-22.10.0-cp38-cp38-win_amd64.whl", hash = "sha256:444ebfb4e441254e87bad00c661fe32df9969b2bf224373a448d8aca2132b395"},
    {file = "black-22.10.0-cp39-cp39-macosx_11_0_arm64.whl", hash = "sha256:974308c58d057a651d182208a484ce80a26dac0caef2895836a92dd6ebd725e0"},
    {file = "black-22.10.0-cp39-cp39-manylinux_2_17_x86_64.manylinux2014_x86_64.whl", hash = "sha256:72ef3925f30e12a184889aac03d77d031056860ccae8a1e519f6cbb742736383"},
    {file = "black-22.10.0-cp39-cp39-win_amd64.whl", hash = "sha256:432247333090c8c5366e69627ccb363bc58514ae3e63f7fc75c54b1ea80fa7de"},
    {file = "black-22.10.0-py3-none-any.whl", hash = "sha256:c957b2b4ea88587b46cf49d1dc17681c1e672864fd7af32fc1e9664d572b3458"},
    {file = "black-22.10.0.tar.gz", hash = "sha256:f513588da599943e0cde4e32cc9879e825d58720d6557062d1098c5ad80080e1"},
]
cbor2 = []
certifi = [
    {file = "certifi-2022.9.24-py3-none-any.whl", hash = "sha256:90c1a32f1d68f940488354e36370f6cca89f0f106db09518524c88d6ed83f382"},
    {file = "certifi-2022.9.24.tar.gz", hash = "sha256:0d9c601124e5a6ba9712dbc60d9c53c21e34f5f641fe83002317394311bdce14"},
]
charset-normalizer = [
    {file = "charset-normalizer-2.1.1.tar.gz", hash = "sha256:5a3d016c7c547f69d6f81fb0db9449ce888b418b5b9952cc5e6e66843e9dd845"},
    {file = "charset_normalizer-2.1.1-py3-none-any.whl", hash = "sha256:83e9a75d1911279afd89352c68b45348559d1fc0506b054b346651b5e7fee29f"},
]
click = [
    {file = "click-8.1.3-py3-none-any.whl", hash = "sha256:bb4d8133cb15a609f44e8213d9b391b0809795062913b383c62be0ee95b1db48"},
    {file = "click-8.1.3.tar.gz", hash = "sha256:7682dc8afb30297001674575ea00d1814d808d6a36af415a82bd481d37ba7b8e"},
]
colorama = [
    {file = "colorama-0.4.5-py2.py3-none-any.whl", hash = "sha256:854bf444933e37f5824ae7bfc1e98d5bce2ebe4160d46b5edf346a89358e99da"},
    {file = "colorama-0.4.5.tar.gz", hash = "sha256:e6c6b4334fc50988a639d9b98aa429a0b57da6e17b9a44f0451f930b6967b7a4"},
]
constantly = []
docformatter = [
    {file = "docformatter-1.5.0-py3-none-any.whl", hash = "sha256:ae56c64822c3184602ac83ec37650c9785e80dfec17b4eba4f49ad68815d71c0"},
    {file = "docformatter-1.5.0.tar.gz", hash = "sha256:9dc71659d3b853c3018cd7b2ec34d5d054370128e12b79ee655498cb339cc711"},
]
hyperlink = []
idna = []
incremental = []
mypy-extensions = [
    {file = "mypy_extensions-0.4.3-py2.py3-none-any.whl", hash = "sha256:090fedd75945a69ae91ce1303b5824f428daf5a028d2f6ab8a299250a846f15d"},
    {file = "mypy_extensions-0.4.3.tar.gz", hash = "sha256:2d82818f5bb3e369420cb3c4060a7970edba416647068eb4c5343488a6c604a8"},
]
opensearch-py = [
    {file = "opensearch-py-2.0.0.tar.gz", hash = "sha256:1b7b451a54557de72faad004de9d338f613db3f38a78e9230105cf9fd8a81c52"},
    {file = "opensearch_py-2.0.0-py2.py3-none-any.whl", hash = "sha256:a3e571555eda286c00facb2bff29bac3f776bdd48e8e44b56693a394e6b5199a"},
]
pathspec = [
    {file = "pathspec-0.10.1-py3-none-any.whl", hash = "sha256:46846318467efc4556ccfd27816e004270a9eeeeb4d062ce5e6fc7a87c573f93"},
    {file = "pathspec-0.10.1.tar.gz", hash = "sha256:7ace6161b621d31e7902eb6b5ae148d12cfd23f4a249b9ffb6b9fee12084323d"},
]
platformdirs = [
    {file = "platformdirs-2.5.2-py3-none-any.whl", hash = "sha256:027d8e83a2d7de06bbac4e5ef7e023c02b863d7ea5d079477e722bb41ab25788"},
    {file = "platformdirs-2.5.2.tar.gz", hash = "sha256:58c8abb07dcb441e6ee4b11d8df0ac856038f944ab98b7be6b27b2a3c7feef19"},
]
pycodestyle = [
    {file = "pycodestyle-2.9.1-py2.py3-none-any.whl", hash = "sha256:d1735fc58b418fd7c5f658d28d943854f8a849b01a5d0a1e6f3f3fdd0166804b"},
    {file = "pycodestyle-2.9.1.tar.gz", hash = "sha256:2c9607871d58c76354b697b42f5d57e1ada7d261c261efac224b664affdc5785"},
]
pydocstyle = [
    {file = "pydocstyle-6.1.1-py3-none-any.whl", hash = "sha256:6987826d6775056839940041beef5c08cc7e3d71d63149b48e36727f70144dc4"},
    {file = "pydocstyle-6.1.1.tar.gz", hash = "sha256:1d41b7c459ba0ee6c345f2eb9ae827cab14a7533a88c5c6f7e94923f72df92dc"},
]
pyflakes = [
    {file = "pyflakes-2.5.0-py2.py3-none-any.whl", hash = "sha256:4579f67d887f804e67edb544428f264b7b24f435b263c4614f384135cea553d2"},
    {file = "pyflakes-2.5.0.tar.gz", hash = "sha256:491feb020dca48ccc562a8c0cbe8df07ee13078df59813b83959cbdada312ea3"},
]
pyyaml = []
requests = [
    {file = "requests-2.28.1-py3-none-any.whl", hash = "sha256:8fefa2a1a1365bf5520aac41836fbee479da67864514bdb821f31ce07ce65349"},
    {file = "requests-2.28.1.tar.gz", hash = "sha256:7c5599b102feddaa661c826c56ab4fee28bfd17f5abca1ebbe3e7f19d7c97983"},
]
six = []
snowballstemmer = [
    {file = "snowballstemmer-2.2.0-py2.py3-none-any.whl", hash = "sha256:c8e1716e83cc398ae16824e5572ae04e0d9fc2c6b985fb0f900f5f0c96ecba1a"},
    {file = "snowballstemmer-2.2.0.tar.gz", hash = "sha256:09b16deb8547d3412ad7b590689584cd0fe25ec8db3be37788be3810cbf19cb1"},
]
tomli = [
    {file = "tomli-2.0.1-py3-none-any.whl", hash = "sha256:939de3e7a6161af0c887ef91b7d41a53e7c5a1ca976325f429cb46ea9bc30ecc"},
    {file = "tomli-2.0.1.tar.gz", hash = "sha256:de526c12914f0c550d15924c62d72abc48d6fe7364aa87328337a31007fe8a4f"},
]
twisted = [
    {file = "Twisted-22.8.0-py3-none-any.whl", hash = "sha256:8d4718d1e48dcc28933f8beb48dc71cfe77a125e37ad1eb7a3d0acc49baf6c99"},
    {file = "Twisted-22.8.0.tar.gz", hash = "sha256:e5b60de39f2d1da153fbe1874d885fe3fcbdb21fcc446fa759a53e8fc3513bed"},
]
twisted-iocpsupport = []
typing-extensions = []
untokenize = [
    {file = "untokenize-0.1.1.tar.gz", hash = "sha256:3865dbbbb8efb4bb5eaa72f1be7f3e0be00ea8b7f125c69cbd1f5fda926f37a2"},
]
urllib3 = [
    {file = "urllib3-1.26.12-py2.py3-none-any.whl", hash = "sha256:b930dd878d5a8afb066a637fbb35144fe7901e3b209d1cd4f524bd0e9deee997"},
    {file = "urllib3-1.26.12.tar.gz", hash = "sha256:3fa96cf423e6987997fc326ae8df396db2a8b7c667747d47ddd8ecba91f4a74e"},
]
"zope.interface" = [
    {file = "zope.interface-5.5.0-cp27-cp27m-macosx_10_14_x86_64.whl", hash = "sha256:2cb3003941f5f4fa577479ac6d5db2b940acb600096dd9ea9bf07007f5cab46f"},
    {file = "zope.interface-5.5.0-cp27-cp27m-win32.whl", hash = "sha256:8c791f4c203ccdbcda588ea4c8a6e4353e10435ea48ddd3d8734a26fe9714cba"},
    {file = "zope.interface-5.5.0-cp27-cp27m-win_amd64.whl", hash = "sha256:3eedf3d04179774d750e8bb4463e6da350956a50ed44d7b86098e452d7ec385e"},
    {file = "zope.interface-5.5.0-cp310-cp310-macosx_11_0_x86_64.whl", hash = "sha256:58a66c2020a347973168a4a9d64317bac52f9fdfd3e6b80b252be30da881a64e"},
    {file = "zope.interface-5.5.0-cp310-cp310-manylinux_2_17_aarch64.manylinux2014_aarch64.whl", hash = "sha256:da7912ae76e1df6a1fb841b619110b1be4c86dfb36699d7fd2f177105cdea885"},
    {file = "zope.interface-5.5.0-cp310-cp310-manylinux_2_5_i686.manylinux1_i686.manylinux_2_12_i686.manylinux2010_i686.whl", hash = "sha256:423c074e404f13e6fa07f4454f47fdbb38d358be22945bc812b94289d9142374"},
    {file = "zope.interface-5.5.0-cp310-cp310-manylinux_2_5_x86_64.manylinux1_x86_64.manylinux_2_12_x86_64.manylinux2010_x86_64.whl", hash = "sha256:7bdcec93f152e0e1942102537eed7b166d6661ae57835b20a52a2a3d6a3e1bf3"},
    {file = "zope.interface-5.5.0-cp310-cp310-win32.whl", hash = "sha256:03f5ae315db0d0de668125d983e2a819a554f3fdb2d53b7e934e3eb3c3c7375d"},
    {file = "zope.interface-5.5.0-cp310-cp310-win_amd64.whl", hash = "sha256:8b9f153208d74ccfa25449a0c6cb756ab792ce0dc99d9d771d935f039b38740c"},
    {file = "zope.interface-5.5.0-cp311-cp311-manylinux_2_17_aarch64.manylinux2014_aarch64.whl", hash = "sha256:aeac590cce44e68ee8ad0b8ecf4d7bf15801f102d564ca1b0eb1f12f584ee656"},
    {file = "zope.interface-5.5.0-cp35-cp35m-win32.whl", hash = "sha256:7d9ec1e6694af39b687045712a8ad14ddcb568670d5eb1b66b48b98b9312afba"},
    {file = "zope.interface-5.5.0-cp35-cp35m-win_amd64.whl", hash = "sha256:d18fb0f6c8169d26044128a2e7d3c39377a8a151c564e87b875d379dbafd3930"},
    {file = "zope.interface-5.5.0-cp36-cp36m-macosx_10_14_x86_64.whl", hash = "sha256:0eb2b3e84f48dd9cfc8621c80fba905d7e228615c67f76c7df7c716065669bb6"},
    {file = "zope.interface-5.5.0-cp36-cp36m-manylinux_2_17_aarch64.manylinux2014_aarch64.whl", hash = "sha256:df6593e150d13cfcce69b0aec5df7bc248cb91e4258a7374c129bb6d56b4e5ca"},
    {file = "zope.interface-5.5.0-cp36-cp36m-manylinux_2_5_i686.manylinux1_i686.manylinux_2_12_i686.manylinux2010_i686.whl", hash = "sha256:9dc4493aa3d87591e3d2bf1453e25b98038c839ca8e499df3d7106631b66fe83"},
    {file = "zope.interface-5.5.0-cp36-cp36m-manylinux_2_5_x86_64.manylinux1_x86_64.manylinux_2_12_x86_64.manylinux2010_x86_64.whl", hash = "sha256:5c6023ae7defd052cf76986ce77922177b0c2f3913bea31b5b28fbdf6cb7099e"},
    {file = "zope.interface-5.5.0-cp36-cp36m-win32.whl", hash = "sha256:a69c28d85bb7cf557751a5214cb3f657b2b035c8c96d71080c1253b75b79b69b"},
    {file = "zope.interface-5.5.0-cp36-cp36m-win_amd64.whl", hash = "sha256:85dd6dd9aaae7a176948d8bb62e20e2968588fd787c29c5d0d964ab475168d3d"},
    {file = "zope.interface-5.5.0-cp37-cp37m-macosx_10_15_x86_64.whl", hash = "sha256:970661ece2029915b8f7f70892e88404340fbdefd64728380cad41c8dce14ff4"},
    {file = "zope.interface-5.5.0-cp37-cp37m-manylinux_2_17_aarch64.manylinux2014_aarch64.whl", hash = "sha256:1e3495bb0cdcea212154e558082c256f11b18031f05193ae2fb85d048848db14"},
    {file = "zope.interface-5.5.0-cp37-cp37m-manylinux_2_5_i686.manylinux1_i686.manylinux_2_12_i686.manylinux2010_i686.whl", hash = "sha256:3f68404edb1a4fb6aa8a94675521ca26c83ebbdbb90e894f749ae0dc4ca98418"},
    {file = "zope.interface-5.5.0-cp37-cp37m-manylinux_2_5_x86_64.manylinux1_x86_64.manylinux_2_12_x86_64.manylinux2010_x86_64.whl", hash = "sha256:740f3c1b44380658777669bcc42f650f5348e53797f2cee0d93dc9b0f9d7cc69"},
    {file = "zope.interface-5.5.0-cp37-cp37m-win32.whl", hash = "sha256:006f8dd81fae28027fc28ada214855166712bf4f0bfbc5a8788f9b70982b9437"},
    {file = "zope.interface-5.5.0-cp37-cp37m-win_amd64.whl", hash = "sha256:43490ad65d4c64e45a30e51a2beb7a6b63e1ff395302ad22392224eb618476d6"},
    {file = "zope.interface-5.5.0-cp38-cp38-macosx_10_15_x86_64.whl", hash = "sha256:f70726b60009433111fe9928f5d89cbb18962411d33c45fb19eb81b9bbd26fcd"},
    {file = "zope.interface-5.5.0-cp38-cp38-manylinux_2_17_aarch64.manylinux2014_aarch64.whl", hash = "sha256:cfa614d049667bed1c737435c609c0956c5dc0dbafdc1145ee7935e4658582cb"},
    {file = "zope.interface-5.5.0-cp38-cp38-manylinux_2_5_i686.manylinux1_i686.manylinux_2_12_i686.manylinux2010_i686.whl", hash = "sha256:58a975f89e4584d0223ab813c5ba4787064c68feef4b30d600f5e01de90ae9ce"},
    {file = "zope.interface-5.5.0-cp38-cp38-manylinux_2_5_x86_64.manylinux1_x86_64.manylinux_2_12_x86_64.manylinux2010_x86_64.whl", hash = "sha256:37ec9ade9902f412cc7e7a32d71f79dec3035bad9bd0170226252eed88763c48"},
    {file = "zope.interface-5.5.0-cp38-cp38-win32.whl", hash = "sha256:be11fce0e6af6c0e8d93c10ef17b25aa7c4acb7ec644bff2596c0d639c49e20f"},
    {file = "zope.interface-5.5.0-cp38-cp38-win_amd64.whl", hash = "sha256:cbbf83914b9a883ab324f728de869f4e406e0cbcd92df7e0a88decf6f9ab7d5a"},
    {file = "zope.interface-5.5.0-cp39-cp39-macosx_10_15_x86_64.whl", hash = "sha256:26c1456520fdcafecc5765bec4783eeafd2e893eabc636908f50ee31fe5c738c"},
    {file = "zope.interface-5.5.0-cp39-cp39-manylinux_2_17_aarch64.manylinux2014_aarch64.whl", hash = "sha256:47ff078734a1030c48103422a99e71a7662d20258c00306546441adf689416f7"},
    {file = "zope.interface-5.5.0-cp39-cp39-manylinux_2_5_i686.manylinux1_i686.manylinux_2_12_i686.manylinux2010_i686.whl", hash = "sha256:687cab7f9ae18d2c146f315d0ca81e5ffe89a139b88277afa70d52f632515854"},
    {file = "zope.interface-5.5.0-cp39-cp39-manylinux_2_5_x86_64.manylinux1_x86_64.manylinux_2_12_x86_64.manylinux2010_x86_64.whl", hash = "sha256:d80f6236b57a95eb19d5e47eb68d0296119e1eff6deaa2971ab8abe3af918420"},
    {file = "zope.interface-5.5.0-cp39-cp39-win32.whl", hash = "sha256:9cdc4e898d3b1547d018829fd4a9f403e52e51bba24be0fbfa37f3174e1ef797"},
    {file = "zope.interface-5.5.0-cp39-cp39-win_amd64.whl", hash = "sha256:6566b3d2657e7609cd8751bcb1eab1202b1692a7af223035a5887d64bb3a2f3b"},
    {file = "zope.interface-5.5.0.tar.gz", hash = "sha256:700ebf9662cf8df70e2f0cb4988e078c53f65ee3eefd5c9d80cf988c4175c8e3"},
]
